
Microsoft Visual Studio Solution File, Format Version 12.00
# Visual Studio Version 17
VisualStudioVersion = 17.14.36603.0 d17.14
MinimumVisualStudioVersion = 10.0.40219.1
Project("{FAE04EC0-301F-11D3-BF4B-00C04F79EFBC}") = "WarehouseManagementWeb.Domain", "WarehouseManagementWeb.Domain\WarehouseManagementWeb.Domain.csproj", "{7DF36FC3-9B6E-40F1-9B20-60BF676CDC2A}"
EndProject
Project("{FAE04EC0-301F-11D3-BF4B-00C04F79EFBC}") = "WarehouseManagementWeb.Application", "WarehouseManagementWeb.Application\WarehouseManagementWeb.Application.csproj", "{5FA924A1-9782-4214-9FE2-B6DA99B23331}"
EndProject
Project("{FAE04EC0-301F-11D3-BF4B-00C04F79EFBC}") = "WarehouseManagementWeb.Infrastructure", "WarehouseManagementWeb.Infrastructure\WarehouseManagementWeb.Infrastructure.csproj", "{96FD1332-F83E-4094-BCAB-DBCD95D96753}"
EndProject
Project("{FAE04EC0-301F-11D3-BF4B-00C04F79EFBC}") = "WarehouseManagementWeb.Api", "WarehouseManagementWeb.Api\WarehouseManagementWeb.Api.csproj", "{AAE2C638-A33B-41A8-A81E-15F3674C8897}"
EndProject
Global
	GlobalSection(SolutionConfigurationPlatforms) = preSolution
		Debug|Any CPU = Debug|Any CPU
		Release|Any CPU = Release|Any CPU
	EndGlobalSection
	GlobalSection(ProjectConfigurationPlatforms) = postSolution
		{7DF36FC3-9B6E-40F1-9B20-60BF676CDC2A}.Debug|Any CPU.ActiveCfg = Debug|Any CPU
		{7DF36FC3-9B6E-40F1-9B20-60BF676CDC2A}.Debug|Any CPU.Build.0 = Debug|Any CPU
		{7DF36FC3-9B6E-40F1-9B20-60BF676CDC2A}.Release|Any CPU.ActiveCfg = Release|Any CPU
		{7DF36FC3-9B6E-40F1-9B20-60BF676CDC2A}.Release|Any CPU.Build.0 = Release|Any CPU
		{5FA924A1-9782-4214-9FE2-B6DA99B23331}.Debug|Any CPU.ActiveCfg = Debug|Any CPU
		{5FA924A1-9782-4214-9FE2-B6DA99B23331}.Debug|Any CPU.Build.0 = Debug|Any CPU
		{5FA924A1-9782-4214-9FE2-B6DA99B23331}.Release|Any CPU.ActiveCfg = Release|Any CPU
		{5FA924A1-9782-4214-9FE2-B6DA99B23331}.Release|Any CPU.Build.0 = Release|Any CPU
		{96FD1332-F83E-4094-BCAB-DBCD95D96753}.Debug|Any CPU.ActiveCfg = Debug|Any CPU
		{96FD1332-F83E-4094-BCAB-DBCD95D96753}.Debug|Any CPU.Build.0 = Debug|Any CPU
		{96FD1332-F83E-4094-BCAB-DBCD95D96753}.Release|Any CPU.ActiveCfg = Release|Any CPU
		{96FD1332-F83E-4094-BCAB-DBCD95D96753}.Release|Any CPU.Build.0 = Release|Any CPU
		{AAE2C638-A33B-41A8-A81E-15F3674C8897}.Debug|Any CPU.ActiveCfg = Debug|Any CPU
		{AAE2C638-A33B-41A8-A81E-15F3674C8897}.Debug|Any CPU.Build.0 = Debug|Any CPU
		{AAE2C638-A33B-41A8-A81E-15F3674C8897}.Release|Any CPU.ActiveCfg = Release|Any CPU
		{AAE2C638-A33B-41A8-A81E-15F3674C8897}.Release|Any CPU.Build.0 = Release|Any CPU
	EndGlobalSection
	GlobalSection(SolutionProperties) = preSolution
		HideSolutionNode = FALSE
	EndGlobalSection
	GlobalSection(ExtensibilityGlobals) = postSolution
		SolutionGuid = {1E32C2F5-F5DC-4EE7-9205-CF2A57B6EB9D}
	EndGlobalSection
EndGlobal
